
Microsoft Visual Studio Solution File, Format Version 12.00
# Visual Studio 15
VisualStudioVersion = 15.0.26124.0
MinimumVisualStudioVersion = 15.0.26124.0
Project("{FAE04EC0-301F-11D3-BF4B-00C04F79EFBC}") = "Domain", "Domain\Domain.csproj", "{285AF45C-E12D-40FD-B75C-546FAAE783E2}"
EndProject
Project("{FAE04EC0-301F-11D3-BF4B-00C04F79EFBC}") = "Persistence", "Persistence\Persistence.csproj", "{01DD6106-51A0-475E-A31A-FBB12FB42D71}"
EndProject
Project("{FAE04EC0-301F-11D3-BF4B-00C04F79EFBC}") = "Application", "Application\Application.csproj", "{A7C357C5-70DC-4BC8-B9B1-20A484B09E6D}"
EndProject
Project("{FAE04EC0-301F-11D3-BF4B-00C04F79EFBC}") = "API", "API\API.csproj", "{9C99452B-1CEE-4F9A-B8C7-A8C1BDBEFD89}"
EndProject
Global
	GlobalSection(SolutionConfigurationPlatforms) = preSolution
		Debug|Any CPU = Debug|Any CPU
		Debug|x64 = Debug|x64
		Debug|x86 = Debug|x86
		Release|Any CPU = Release|Any CPU
		Release|x64 = Release|x64
		Release|x86 = Release|x86
	EndGlobalSection
	GlobalSection(SolutionProperties) = preSolution
		HideSolutionNode = FALSE
	EndGlobalSection
	GlobalSection(ProjectConfigurationPlatforms) = postSolution
		{285AF45C-E12D-40FD-B75C-546FAAE783E2}.Debug|Any CPU.ActiveCfg = Debug|Any CPU
		{285AF45C-E12D-40FD-B75C-546FAAE783E2}.Debug|Any CPU.Build.0 = Debug|Any CPU
		{285AF45C-E12D-40FD-B75C-546FAAE783E2}.Debug|x64.ActiveCfg = Debug|Any CPU
		{285AF45C-E12D-40FD-B75C-546FAAE783E2}.Debug|x64.Build.0 = Debug|Any CPU
		{285AF45C-E12D-40FD-B75C-546FAAE783E2}.Debug|x86.ActiveCfg = Debug|Any CPU
		{285AF45C-E12D-40FD-B75C-546FAAE783E2}.Debug|x86.Build.0 = Debug|Any CPU
		{285AF45C-E12D-40FD-B75C-546FAAE783E2}.Release|Any CPU.ActiveCfg = Release|Any CPU
		{285AF45C-E12D-40FD-B75C-546FAAE783E2}.Release|Any CPU.Build.0 = Release|Any CPU
		{285AF45C-E12D-40FD-B75C-546FAAE783E2}.Release|x64.ActiveCfg = Release|Any CPU
		{285AF45C-E12D-40FD-B75C-546FAAE783E2}.Release|x64.Build.0 = Release|Any CPU
		{285AF45C-E12D-40FD-B75C-546FAAE783E2}.Release|x86.ActiveCfg = Release|Any CPU
		{285AF45C-E12D-40FD-B75C-546FAAE783E2}.Release|x86.Build.0 = Release|Any CPU
		{01DD6106-51A0-475E-A31A-FBB12FB42D71}.Debug|Any CPU.ActiveCfg = Debug|Any CPU
		{01DD6106-51A0-475E-A31A-FBB12FB42D71}.Debug|Any CPU.Build.0 = Debug|Any CPU
		{01DD6106-51A0-475E-A31A-FBB12FB42D71}.Debug|x64.ActiveCfg = Debug|Any CPU
		{01DD6106-51A0-475E-A31A-FBB12FB42D71}.Debug|x64.Build.0 = Debug|Any CPU
		{01DD6106-51A0-475E-A31A-FBB12FB42D71}.Debug|x86.ActiveCfg = Debug|Any CPU
		{01DD6106-51A0-475E-A31A-FBB12FB42D71}.Debug|x86.Build.0 = Debug|Any CPU
		{01DD6106-51A0-475E-A31A-FBB12FB42D71}.Release|Any CPU.ActiveCfg = Release|Any CPU
		{01DD6106-51A0-475E-A31A-FBB12FB42D71}.Release|Any CPU.Build.0 = Release|Any CPU
		{01DD6106-51A0-475E-A31A-FBB12FB42D71}.Release|x64.ActiveCfg = Release|Any CPU
		{01DD6106-51A0-475E-A31A-FBB12FB42D71}.Release|x64.Build.0 = Release|Any CPU
		{01DD6106-51A0-475E-A31A-FBB12FB42D71}.Release|x86.ActiveCfg = Release|Any CPU
		{01DD6106-51A0-475E-A31A-FBB12FB42D71}.Release|x86.Build.0 = Release|Any CPU
		{A7C357C5-70DC-4BC8-B9B1-20A484B09E6D}.Debug|Any CPU.ActiveCfg = Debug|Any CPU
		{A7C357C5-70DC-4BC8-B9B1-20A484B09E6D}.Debug|Any CPU.Build.0 = Debug|Any CPU
		{A7C357C5-70DC-4BC8-B9B1-20A484B09E6D}.Debug|x64.ActiveCfg = Debug|Any CPU
		{A7C357C5-70DC-4BC8-B9B1-20A484B09E6D}.Debug|x64.Build.0 = Debug|Any CPU
		{A7C357C5-70DC-4BC8-B9B1-20A484B09E6D}.Debug|x86.ActiveCfg = Debug|Any CPU
		{A7C357C5-70DC-4BC8-B9B1-20A484B09E6D}.Debug|x86.Build.0 = Debug|Any CPU
		{A7C357C5-70DC-4BC8-B9B1-20A484B09E6D}.Release|Any CPU.ActiveCfg = Release|Any CPU
		{A7C357C5-70DC-4BC8-B9B1-20A484B09E6D}.Release|Any CPU.Build.0 = Release|Any CPU
		{A7C357C5-70DC-4BC8-B9B1-20A484B09E6D}.Release|x64.ActiveCfg = Release|Any CPU
		{A7C357C5-70DC-4BC8-B9B1-20A484B09E6D}.Release|x64.Build.0 = Release|Any CPU
		{A7C357C5-70DC-4BC8-B9B1-20A484B09E6D}.Release|x86.ActiveCfg = Release|Any CPU
		{A7C357C5-70DC-4BC8-B9B1-20A484B09E6D}.Release|x86.Build.0 = Release|Any CPU
		{9C99452B-1CEE-4F9A-B8C7-A8C1BDBEFD89}.Debug|Any CPU.ActiveCfg = Debug|Any CPU
		{9C99452B-1CEE-4F9A-B8C7-A8C1BDBEFD89}.Debug|Any CPU.Build.0 = Debug|Any CPU
		{9C99452B-1CEE-4F9A-B8C7-A8C1BDBEFD89}.Debug|x64.ActiveCfg = Debug|Any CPU
		{9C99452B-1CEE-4F9A-B8C7-A8C1BDBEFD89}.Debug|x64.Build.0 = Debug|Any CPU
		{9C99452B-1CEE-4F9A-B8C7-A8C1BDBEFD89}.Debug|x86.ActiveCfg = Debug|Any CPU
		{9C99452B-1CEE-4F9A-B8C7-A8C1BDBEFD89}.Debug|x86.Build.0 = Debug|Any CPU
		{9C99452B-1CEE-4F9A-B8C7-A8C1BDBEFD89}.Release|Any CPU.ActiveCfg = Release|Any CPU
		{9C99452B-1CEE-4F9A-B8C7-A8C1BDBEFD89}.Release|Any CPU.Build.0 = Release|Any CPU
		{9C99452B-1CEE-4F9A-B8C7-A8C1BDBEFD89}.Release|x64.ActiveCfg = Release|Any CPU
		{9C99452B-1CEE-4F9A-B8C7-A8C1BDBEFD89}.Release|x64.Build.0 = Release|Any CPU
		{9C99452B-1CEE-4F9A-B8C7-A8C1BDBEFD89}.Release|x86.ActiveCfg = Release|Any CPU
		{9C99452B-1CEE-4F9A-B8C7-A8C1BDBEFD89}.Release|x86.Build.0 = Release|Any CPU
	EndGlobalSection
EndGlobal
